PODS:
  - Carbon (1.0.0-rc.6):
    - DifferenceKit/Core (~> 1.1)
  - DifferenceKit (1.1.5):
    - DifferenceKit/Core (= 1.1.5)
    - DifferenceKit/UIKitExtension (= 1.1.5)
  - DifferenceKit/Core (1.1.5)
  - DifferenceKit/UIKitExtension (1.1.5):
    - DifferenceKit/Core
  - TermiNetwork (2.0.1)

DEPENDENCIES:
  - Carbon (from `https://github.com/ra1028/Carbon`, commit `9e572593e02ce77e54932d46d130054a13e2a056`)
  - DifferenceKit
  - TermiNetwork (~> 2.0)

SPEC REPOS:
  trunk:
    - DifferenceKit
    - TermiNetwork

EXTERNAL SOURCES:
  Carbon:
    :commit: 9e572593e02ce77e54932d46d130054a13e2a056
    :git: https://github.com/ra1028/Carbon

CHECKOUT OPTIONS:
  Carbon:
    :commit: 9e572593e02ce77e54932d46d130054a13e2a056
    :git: https://github.com/ra1028/Carbon

SPEC CHECKSUMS:
  Carbon: 84c3402754e682960ef85dd20a2fe44c723701d2
  DifferenceKit: 516f12e336ed65a3a0665847b5c3cb5cad4bd4ea
  TermiNetwork: 573c8ec2bf3a30e25ef104843f17d814f5b6840c

PODFILE CHECKSUM: bde0d4eae4c510828ba49264ee24bc640ecb5cfc

COCOAPODS: 1.10.0
